
Microsoft Visual Studio Solution File, Format Version 12.00
# Visual Studio Version 17
VisualStudioVersion = 17.10.35013.160
MinimumVisualStudioVersion = 10.0.40219.1
Project("{FAE04EC0-301F-11D3-BF4B-00C04F79EFBC}") = "DbOperationsWithEFCoreApp", "DbOperationsWithEFCoreApp.csproj", "{35E1ACD2-B656-42A0-A66F-B2A8703D3565}"
EndProject
Global
	GlobalSection(SolutionConfigurationPlatforms) = preSolution
		Debug|Any CPU = Debug|Any CPU
		Release|Any CPU = Release|Any CPU
	EndGlobalSection
	GlobalSection(ProjectConfigurationPlatforms) = postSolution
		{35E1ACD2-B656-42A0-A66F-B2A8703D3565}.Debug|Any CPU.ActiveCfg = Debug|Any CPU
		{35E1ACD2-B656-42A0-A66F-B2A8703D3565}.Debug|Any CPU.Build.0 = Debug|Any CPU
		{35E1ACD2-B656-42A0-A66F-B2A8703D3565}.Release|Any CPU.ActiveCfg = Release|Any CPU
		{35E1ACD2-B656-42A0-A66F-B2A8703D3565}.Release|Any CPU.Build.0 = Release|Any CPU
	EndGlobalSection
	GlobalSection(SolutionProperties) = preSolution
		HideSolutionNode = FALSE
	EndGlobalSection
	GlobalSection(ExtensibilityGlobals) = postSolution
		SolutionGuid = {43277E7E-8B7F-47E7-BEF3-E38067EF8378}
	EndGlobalSection
EndGlobal
